
Microsoft Visual Studio Solution File, Format Version 12.00
# Visual Studio Version 17
VisualStudioVersion = 17.3.32922.545
MinimumVisualStudioVersion = 10.0.40219.1
Project("{9A19103F-16F7-4668-BE54-9A1E7A4F7556}") = "LabFour", "LabFour\LabFour.csproj", "{FE618C26-AB3A-421D-8221-63E3B20D29BF}"
EndProject
Global
	GlobalSection(SolutionConfigurationPlatforms) = preSolution
		Debug|Any CPU = Debug|Any CPU
		Release|Any CPU = Release|Any CPU
	EndGlobalSection
	GlobalSection(ProjectConfigurationPlatforms) = postSolution
		{FE618C26-AB3A-421D-8221-63E3B20D29BF}.Debug|Any CPU.ActiveCfg = Debug|Any CPU
		{FE618C26-AB3A-421D-8221-63E3B20D29BF}.Debug|Any CPU.Build.0 = Debug|Any CPU
		{FE618C26-AB3A-421D-8221-63E3B20D29BF}.Release|Any CPU.ActiveCfg = Release|Any CPU
		{FE618C26-AB3A-421D-8221-63E3B20D29BF}.Release|Any CPU.Build.0 = Release|Any CPU
	EndGlobalSection
	GlobalSection(SolutionProperties) = preSolution
		HideSolutionNode = FALSE
	EndGlobalSection
	GlobalSection(ExtensibilityGlobals) = postSolution
		SolutionGuid = {1C34181D-472A-40F6-95FC-AADB2635DB40}
	EndGlobalSection
EndGlobal
